
Microsoft Visual Studio Solution File, Format Version 12.00
# Visual Studio 14
VisualStudioVersion = 14.0.25420.1
MinimumVisualStudioVersion = 10.0.40219.1
Project("{FAE04EC0-301F-11D3-BF4B-00C04F79EFBC}") = "Rh.PushpinButton.Control", "Rh.PushpinButton.Control\Rh.PushpinButton.Control.csproj", "{43CCE261-FBB3-4876-8685-23C4890BFDAB}"
EndProject
Project("{FAE04EC0-301F-11D3-BF4B-00C04F79EFBC}") = "Rh.PushpinButton.UsageExample", "Rh.PushpinButton.UsageExample\Rh.PushpinButton.UsageExample.csproj", "{9B8FE2BE-8AE4-4955-A57A-6C5E337AB4F6}"
EndProject
Project("{2150E333-8FDC-42A3-9474-1A3956D46DE8}") = "Solution Items", "Solution Items", "{46937A1D-C239-423D-B796-33B96CC7D741}"
	ProjectSection(SolutionItems) = preProject
		License.txt = License.txt
	EndProjectSection
EndProject
Global
	GlobalSection(SolutionConfigurationPlatforms) = preSolution
		Debug|Any CPU = Debug|Any CPU
		Release|Any CPU = Release|Any CPU
	EndGlobalSection
	GlobalSection(ProjectConfigurationPlatforms) = postSolution
		{43CCE261-FBB3-4876-8685-23C4890BFDAB}.Debug|Any CPU.ActiveCfg = Debug|Any CPU
		{43CCE261-FBB3-4876-8685-23C4890BFDAB}.Debug|Any CPU.Build.0 = Debug|Any CPU
		{43CCE261-FBB3-4876-8685-23C4890BFDAB}.Release|Any CPU.ActiveCfg = Release|Any CPU
		{43CCE261-FBB3-4876-8685-23C4890BFDAB}.Release|Any CPU.Build.0 = Release|Any CPU
		{9B8FE2BE-8AE4-4955-A57A-6C5E337AB4F6}.Debug|Any CPU.ActiveCfg = Debug|Any CPU
		{9B8FE2BE-8AE4-4955-A57A-6C5E337AB4F6}.Debug|Any CPU.Build.0 = Debug|Any CPU
		{9B8FE2BE-8AE4-4955-A57A-6C5E337AB4F6}.Release|Any CPU.ActiveCfg = Release|Any CPU
		{9B8FE2BE-8AE4-4955-A57A-6C5E337AB4F6}.Release|Any CPU.Build.0 = Release|Any CPU
	EndGlobalSection
	GlobalSection(SolutionProperties) = preSolution
		HideSolutionNode = FALSE
	EndGlobalSection
EndGlobal
